// !$*UTF8*$!
{
	archiveVersion = 1;
	classes = {
	};
	objectVersion = 50;
	objects = {

/* Begin PBXBuildFile section */
		042793922481447F00F2FEF6 /* AppDelegate.swift in Sources */ = {isa = PBXBuildFile; fileRef = 042793912481447F00F2FEF6 /* AppDelegate.swift */; };
		042793942481447F00F2FEF6 /* SceneDelegate.swift in Sources */ = {isa = PBXBuildFile; fileRef = 042793932481447F00F2FEF6 /* SceneDelegate.swift */; };
		042793962481447F00F2FEF6 /* ViewController.swift in Sources */ = {isa = PBXBuildFile; fileRef = 042793952481447F00F2FEF6 /* ViewController.swift */; };
		042793992481447F00F2FEF6 /* Main.storyboard in Resources */ = {isa = PBXBuildFile; fileRef = 042793972481447F00F2FEF6 /* Main.storyboard */; };
		0427939B2481448100F2FEF6 /* Assets.xcassets in Resources */ = {isa = PBXBuildFile; fileRef = 0427939A2481448100F2FEF6 /* Assets.xcassets */; };
		0427939E2481448100F2FEF6 /* LaunchScreen.storyboard in Resources */ = {isa = PBXBuildFile; fileRef = 0427939C2481448100F2FEF6 /* LaunchScreen.storyboard */; };
		045E2DB924825E1B00DEA27B /* AboutMeViewController.swift in Sources */ = {isa = PBXBuildFile; fileRef = 045E2DB824825E1B00DEA27B /* AboutMeViewController.swift */; };
		045E2DBB2482616200DEA27B /* HelloPageViewController.swift in Sources */ = {isa = PBXBuildFile; fileRef = 045E2DBA2482616200DEA27B /* HelloPageViewController.swift */; };
		045E2DBD24826E9500DEA27B /* User.swift in Sources */ = {isa = PBXBuildFile; fileRef = 045E2DBC24826E9500DEA27B /* User.swift */; };
		045E2DC32482A17B00DEA27B /* WorksViewController.swift in Sources */ = {isa = PBXBuildFile; fileRef = 045E2DC22482A17B00DEA27B /* WorksViewController.swift */; };
/* End PBXBuildFile section */

/* Begin PBXFileReference section */
		0427938E2481447F00F2FEF6 /* LoginApp.app */ = {isa = PBXFileReference; explicitFileType = wrapper.application; includeInIndex = 0; path = LoginApp.app; sourceTree = BUILT_PRODUCTS_DIR; };
		042793912481447F00F2FEF6 /* AppDelegate.swift */ = {isa = PBXFileReference; lastKnownFileType = sourcecode.swift; path = AppDelegate.swift; sourceTree = "<group>"; };
		042793932481447F00F2FEF6 /* SceneDelegate.swift */ = {isa = PBXFileReference; lastKnownFileType = sourcecode.swift; path = SceneDelegate.swift; sourceTree = "<group>"; };
		042793952481447F00F2FEF6 /* ViewController.swift */ = {isa = PBXFileReference; lastKnownFileType = sourcecode.swift; path = ViewController.swift; sourceTree = "<group>"; };
		042793982481447F00F2FEF6 /* Base */ = {isa = PBXFileReference; lastKnownFileType = file.storyboard; name = Base; path = Base.lproj/Main.storyboard; sourceTree = "<group>"; };
		0427939A2481448100F2FEF6 /* Assets.xcassets */ = {isa = PBXFileReference; lastKnownFileType = folder.assetcatalog; path = Assets.xcassets; sourceTree = "<group>"; };
		0427939D2481448100F2FEF6 /* Base */ = {isa = PBXFileReference; lastKnownFileType = file.storyboard; name = Base; path = Base.lproj/LaunchScreen.storyboard; sourceTree = "<group>"; };
		0427939F2481448100F2FEF6 /* Info.plist */ = {isa = PBXFileReference; lastKnownFileType = text.plist.xml; path = Info.plist; sourceTree = "<group>"; };
		045E2DB824825E1B00DEA27B /* AboutMeViewController.swift */ = {isa = PBXFileReference; lastKnownFileType = sourcecode.swift; path = AboutMeViewController.swift; sourceTree = "<group>"; };
		045E2DBA2482616200DEA27B /* HelloPageViewController.swift */ = {isa = PBXFileReference; lastKnownFileType = sourcecode.swift; path = HelloPageViewController.swift; sourceTree = "<group>"; };
		045E2DBC24826E9500DEA27B /* User.swift */ = {isa = PBXFileReference; lastKnownFileType = sourcecode.swift; path = User.swift; sourceTree = "<group>"; };
		045E2DC22482A17B00DEA27B /* WorksViewController.swift */ = {isa = PBXFileReference; lastKnownFileType = sourcecode.swift; path = WorksViewController.swift; sourceTree = "<group>"; };
/* End PBXFileReference section */

/* Begin PBXFrameworksBuildPhase section */
		0427938B2481447F00F2FEF6 /* Frameworks */ = {
			isa = PBXFrameworksBuildPhase;
			buildActionMask = 2147483647;
			files = (
			);
			runOnlyForDeploymentPostprocessing = 0;
		};
/* End PBXFrameworksBuildPhase section */

/* Begin PBXGroup section */
		042793852481447F00F2FEF6 = {
			isa = PBXGroup;
			children = (
				042793902481447F00F2FEF6 /* LoginApp */,
				0427938F2481447F00F2FEF6 /* Products */,
			);
			sourceTree = "<group>";
		};
		0427938F2481447F00F2FEF6 /* Products */ = {
			isa = PBXGroup;
			children = (
				0427938E2481447F00F2FEF6 /* LoginApp.app */,
			);
			name = Products;
			sourceTree = "<group>";
		};
		042793902481447F00F2FEF6 /* LoginApp */ = {
			isa = PBXGroup;
			children = (
				042793A82481452E00F2FEF6 /* ViewControllers */,
				042793A92481455E00F2FEF6 /* Models */,
				042793A6248144C900F2FEF6 /* Storyboards */,
				042793A7248144FC00F2FEF6 /* SupportingFiles */,
				042793A5248144A900F2FEF6 /* Sources */,
			);
			path = LoginApp;
			sourceTree = "<group>";
		};
		042793A5248144A900F2FEF6 /* Sources */ = {
			isa = PBXGroup;
			children = (
				0427939A2481448100F2FEF6 /* Assets.xcassets */,
			);
			path = Sources;
			sourceTree = "<group>";
		};
		042793A6248144C900F2FEF6 /* Storyboards */ = {
			isa = PBXGroup;
			children = (
				042793972481447F00F2FEF6 /* Main.storyboard */,
				0427939C2481448100F2FEF6 /* LaunchScreen.storyboard */,
			);
			path = Storyboards;
			sourceTree = "<group>";
		};
		042793A7248144FC00F2FEF6 /* SupportingFiles */ = {
			isa = PBXGroup;
			children = (
				042793912481447F00F2FEF6 /* AppDelegate.swift */,
				042793932481447F00F2FEF6 /* SceneDelegate.swift */,
				0427939F2481448100F2FEF6 /* Info.plist */,
			);
			path = SupportingFiles;
			sourceTree = "<group>";
		};
		042793A82481452E00F2FEF6 /* ViewControllers */ = {
			isa = PBXGroup;
			children = (
				042793952481447F00F2FEF6 /* ViewController.swift */,
				045E2DB824825E1B00DEA27B /* AboutMeViewController.swift */,
				045E2DBA2482616200DEA27B /* HelloPageViewController.swift */,
				045E2DC22482A17B00DEA27B /* WorksViewController.swift */,
			);
			path = ViewControllers;
			sourceTree = "<group>";
		};
		042793A92481455E00F2FEF6 /* Models */ = {
			isa = PBXGroup;
			children = (
				045E2DBC24826E9500DEA27B /* User.swift */,
			);
			path = Models;
			sourceTree = "<group>";
		};
/* End PBXGroup section */

/* Begin PBXNativeTarget section */
		0427938D2481447F00F2FEF6 /* LoginApp */ = {
			isa = PBXNativeTarget;
			buildConfigurationList = 042793A22481448100F2FEF6 /* Build configuration list for PBXNativeTarget "LoginApp" */;
			buildPhases = (
				0427938A2481447F00F2FEF6 /* Sources */,
				0427938B2481447F00F2FEF6 /* Frameworks */,
				0427938C2481447F00F2FEF6 /* Resources */,
			);
			buildRules = (
			);
			dependencies = (
			);
			name = LoginApp;
			productName = LoginApp;
			productReference = 0427938E2481447F00F2FEF6 /* LoginApp.app */;
			productType = "com.apple.product-type.application";
		};
/* End PBXNativeTarget section */

/* Begin PBXProject section */
		042793862481447F00F2FEF6 /* Project object */ = {
			isa = PBXProject;
			attributes = {
				LastSwiftUpdateCheck = 1150;
				LastUpgradeCheck = 1150;
				ORGANIZATIONNAME = "Oleg Stasiw";
				TargetAttributes = {
					0427938D2481447F00F2FEF6 = {
						CreatedOnToolsVersion = 11.5;
					};
				};
			};
			buildConfigurationList = 042793892481447F00F2FEF6 /* Build configuration list for PBXProject "LoginApp" */;
			compatibilityVersion = "Xcode 9.3";
			developmentRegion = en;
			hasScannedForEncodings = 0;
			knownRegions = (
				en,
				Base,
			);
			mainGroup = 042793852481447F00F2FEF6;
			productRefGroup = 0427938F2481447F00F2FEF6 /* Products */;
			projectDirPath = "";
			projectRoot = "";
			targets = (
				0427938D2481447F00F2FEF6 /* LoginApp */,
			);
		};
/* End PBXProject section */

/* Begin PBXResourcesBuildPhase section */
		0427938C2481447F00F2FEF6 /* Resources */ = {
			isa = PBXResourcesBuildPhase;
			buildActionMask = 2147483647;
			files = (
				0427939E2481448100F2FEF6 /* LaunchScreen.storyboard in Resources */,
				0427939B2481448100F2FEF6 /* Assets.xcassets in Resources */,
				042793992481447F00F2FEF6 /* Main.storyboard in Resources */,
			);
			runOnlyForDeploymentPostprocessing = 0;
		};
/* End PBXResourcesBuildPhase section */

/* Begin PBXSourcesBuildPhase section */
		0427938A2481447F00F2FEF6 /* Sources */ = {
			isa = PBXSourcesBuildPhase;
			buildActionMask = 2147483647;
			files = (
				042793962481447F00F2FEF6 /* ViewController.swift in Sources */,
				042793922481447F00F2FEF6 /* AppDelegate.swift in Sources */,
				045E2DB924825E1B00DEA27B /* AboutMeViewController.swift in Sources */,
				045E2DC32482A17B00DEA27B /* WorksViewController.swift in Sources */,
				045E2DBB2482616200DEA27B /* HelloPageViewController.swift in Sources */,
				045E2DBD24826E9500DEA27B /* User.swift in Sources */,
				042793942481447F00F2FEF6 /* SceneDelegate.swift in Sources */,
			);
			runOnlyForDeploymentPostprocessing = 0;
		};
/* End PBXSourcesBuildPhase section */

/* Begin PBXVariantGroup section */
		042793972481447F00F2FEF6 /* Main.storyboard */ = {
			isa = PBXVariantGroup;
			children = (
				042793982481447F00F2FEF6 /* Base */,
			);
			name = Main.storyboard;
			sourceTree = "<group>";
		};
		0427939C2481448100F2FEF6 /* LaunchScreen.storyboard */ = {
			isa = PBXVariantGroup;
			children = (
				0427939D2481448100F2FEF6 /* Base */,
			);
			name = LaunchScreen.storyboard;
			sourceTree = "<group>";
		};
/* End PBXVariantGroup section */

/* Begin XCBuildConfiguration section */
		042793A02481448100F2FEF6 /* Debug */ = {
			isa = XCBuildConfiguration;
			buildSettings = {
				ALWAYS_SEARCH_USER_PATHS = NO;
				CLANG_ANALYZER_NONNULL = YES;
				CLANG_ANALYZER_NUMBER_OBJECT_CONVERSION = YES_AGGRESSIVE;
				CLANG_CXX_LANGUAGE_STANDARD = "gnu++14";
				CLANG_CXX_LIBRARY = "libc++";
				CLANG_ENABLE_MODULES = YES;
				CLANG_ENABLE_OBJC_ARC = YES;
				CLANG_ENABLE_OBJC_WEAK = YES;
				CLANG_WARN_BLOCK_CAPTURE_AUTORELEASING = YES;
				CLANG_WARN_BOOL_CONVERSION = YES;
				CLANG_WARN_COMMA = YES;
				CLANG_WARN_CONSTANT_CONVERSION = YES;
				CLANG_WARN_DEPRECATED_OBJC_IMPLEMENTATIONS = YES;
				CLANG_WARN_DIRECT_OBJC_ISA_USAGE = YES_ERROR;
				CLANG_WARN_DOCUMENTATION_COMMENTS = YES;
				CLANG_WARN_EMPTY_BODY = YES;
				CLANG_WARN_ENUM_CONVERSION = YES;
				CLANG_WARN_INFINITE_RECURSION = YES;
				CLANG_WARN_INT_CONVERSION = YES;
				CLANG_WARN_NON_LITERAL_NULL_CONVERSION = YES;
				CLANG_WARN_OBJC_IMPLICIT_RETAIN_SELF = YES;
				CLANG_WARN_OBJC_LITERAL_CONVERSION = YES;
				CLANG_WARN_OBJC_ROOT_CLASS = YES_ERROR;
				CLANG_WARN_RANGE_LOOP_ANALYSIS = YES;
				CLANG_WARN_STRICT_PROTOTYPES = YES;
				CLANG_WARN_SUSPICIOUS_MOVE = YES;
				CLANG_WARN_UNGUARDED_AVAILABILITY = YES_AGGRESSIVE;
				CLANG_WARN_UNREACHABLE_CODE = YES;
				CLANG_WARN__DUPLICATE_METHOD_MATCH = YES;
				COPY_PHASE_STRIP = NO;
				DEBUG_INFORMATION_FORMAT = dwarf;
				ENABLE_STRICT_OBJC_MSGSEND = YES;
				ENABLE_TESTABILITY = YES;
				GCC_C_LANGUAGE_STANDARD = gnu11;
				GCC_DYNAMIC_NO_PIC = NO;
				GCC_NO_COMMON_BLOCKS = YES;
				GCC_OPTIMIZATION_LEVEL = 0;
				GCC_PREPROCESSOR_DEFINITIONS = (
					"DEBUG=1",
					"$(inherited)",
				);
				GCC_WARN_64_TO_32_BIT_CONVERSION = YES;
				GCC_WARN_ABOUT_RETURN_TYPE = YES_ERROR;
				GCC_WARN_UNDECLARED_SELECTOR = YES;
				GCC_WARN_UNINITIALIZED_AUTOS = YES_AGGRESSIVE;
				GCC_WARN_UNUSED_FUNCTION = YES;
				GCC_WARN_UNUSED_VARIABLE = YES;
				IPHONEOS_DEPLOYMENT_TARGET = 13.5;
				MTL_ENABLE_DEBUG_INFO = INCLUDE_SOURCE;
				MTL_FAST_MATH = YES;
				ONLY_ACTIVE_ARCH = YES;
				SDKROOT = iphoneos;
				SWIFT_ACTIVE_COMPILATION_CONDITIONS = DEBUG;
				SWIFT_OPTIMIZATION_LEVEL = "-Onone";
			};
			name = Debug;
		};
		042793A12481448100F2FEF6 /* Release */ = {
			isa = XCBuildConfiguration;
			buildSettings = {
				ALWAYS_SEARCH_USER_PATHS = NO;
				CLANG_ANALYZER_NONNULL = YES;
				CLANG_ANALYZER_NUMBER_OBJECT_CONVERSION = YES_AGGRESSIVE;
				CLANG_CXX_LANGUAGE_STANDARD = "gnu++14";
				CLANG_CXX_LIBRARY = "libc++";
				CLANG_ENABLE_MODULES = YES;
				CLANG_ENABLE_OBJC_ARC = YES;
				CLANG_ENABLE_OBJC_WEAK = YES;
				CLANG_WARN_BLOCK_CAPTURE_AUTORELEASING = YES;
				CLANG_WARN_BOOL_CONVERSION = YES;
				CLANG_WARN_COMMA = YES;
				CLANG_WARN_CONSTANT_CONVERSION = YES;
				CLANG_WARN_DEPRECATED_OBJC_IMPLEMENTATIONS = YES;
				CLANG_WARN_DIRECT_OBJC_ISA_USAGE = YES_ERROR;
				CLANG_WARN_DOCUMENTATION_COMMENTS = YES;
				CLANG_WARN_EMPTY_BODY = YES;
				CLANG_WARN_ENUM_CONVERSION = YES;
				CLANG_WARN_INFINITE_RECURSION = YES;
				CLANG_WARN_INT_CONVERSION = YES;
				CLANG_WARN_NON_LITERAL_NULL_CONVERSION = YES;
				CLANG_WARN_OBJC_IMPLICIT_RETAIN_SELF = YES;
				CLANG_WARN_OBJC_LITERAL_CONVERSION = YES;
				CLANG_WARN_OBJC_ROOT_CLASS = YES_ERROR;
				CLANG_WARN_RANGE_LOOP_ANALYSIS = YES;
				CLANG_WARN_STRICT_PROTOTYPES = YES;
				CLANG_WARN_SUSPICIOUS_MOVE = YES;
				CLANG_WARN_UNGUARDED_AVAILABILITY = YES_AGGRESSIVE;
				CLANG_WARN_UNREACHABLE_CODE = YES;
				CLANG_WARN__DUPLICATE_METHOD_MATCH = YES;
				COPY_PHASE_STRIP = NO;
				DEBUG_INFORMATION_FORMAT = "dwarf-with-dsym";
				ENABLE_NS_ASSERTIONS = NO;
				ENABLE_STRICT_OBJC_MSGSEND = YES;
				GCC_C_LANGUAGE_STANDARD = gnu11;
				GCC_NO_COMMON_BLOCKS = YES;
				GCC_WARN_64_TO_32_BIT_CONVERSION = YES;
				GCC_WARN_ABOUT_RETURN_TYPE = YES_ERROR;
				GCC_WARN_UNDECLARED_SELECTOR = YES;
				GCC_WARN_UNINITIALIZED_AUTOS = YES_AGGRESSIVE;
				GCC_WARN_UNUSED_FUNCTION = YES;
				GCC_WARN_UNUSED_VARIABLE = YES;
				IPHONEOS_DEPLOYMENT_TARGET = 13.5;
				MTL_ENABLE_DEBUG_INFO = NO;
				MTL_FAST_MATH = YES;
				SDKROOT = iphoneos;
				SWIFT_COMPILATION_MODE = wholemodule;
				SWIFT_OPTIMIZATION_LEVEL = "-O";
				VALIDATE_PRODUCT = YES;
			};
			name = Release;
		};
		042793A32481448100F2FEF6 /* Debug */ = {
			isa = XCBuildConfiguration;
			buildSettings = {
				ASSETCATALOG_COMPILER_APPICON_NAME = AppIcon;
				CODE_SIGN_STYLE = Automatic;
				DEVELOPMENT_TEAM = 9964CXZHWZ;
				INFOPLIST_FILE = LoginApp/SupportingFiles/Info.plist;
				LD_RUNPATH_SEARCH_PATHS = (
					"$(inherited)",
					"@executable_path/Frameworks",
				);
				PRODUCT_BUNDLE_IDENTIFIER = com.swift.LoginApp;
				PRODUCT_NAME = "$(TARGET_NAME)";
				SWIFT_VERSION = 5.0;
				TARGETED_DEVICE_FAMILY = "1,2";
			};
			name = Debug;
		};
		042793A42481448100F2FEF6 /* Release */ = {
			isa = XCBuildConfiguration;
			buildSettings = {
				ASSETCATALOG_COMPILER_APPICON_NAME = AppIcon;
				CODE_SIGN_STYLE = Automatic;
				DEVELOPMENT_TEAM = 9964CXZHWZ;
				INFOPLIST_FILE = LoginApp/SupportingFiles/Info.plist;
				LD_RUNPATH_SEARCH_PATHS = (
					"$(inherited)",
					"@executable_path/Frameworks",
				);
				PRODUCT_BUNDLE_IDENTIFIER = com.swift.LoginApp;
				PRODUCT_NAME = "$(TARGET_NAME)";
				SWIFT_VERSION = 5.0;
				TARGETED_DEVICE_FAMILY = "1,2";
			};
			name = Release;
		};
/* End XCBuildConfiguration section */

/* Begin XCConfigurationList section */
		042793892481447F00F2FEF6 /* Build configuration list for PBXProject "LoginApp" */ = {
			isa = XCConfigurationList;
			buildConfigurations = (
				042793A02481448100F2FEF6 /* Debug */,
				042793A12481448100F2FEF6 /* Release */,
			);
			defaultConfigurationIsVisible = 0;
			defaultConfigurationName = Release;
		};
		042793A22481448100F2FEF6 /* Build configuration list for PBXNativeTarget "LoginApp" */ = {
			isa = XCConfigurationList;
			buildConfigurations = (
				042793A32481448100F2FEF6 /* Debug */,
				042793A42481448100F2FEF6 /* Release */,
			);
			defaultConfigurationIsVisible = 0;
			defaultConfigurationName = Release;
		};
/* End XCConfigurationList section */
	};
	rootObject = 042793862481447F00F2FEF6 /* Project object */;
}
